
Microsoft Visual Studio Solution File, Format Version 12.00
# Visual Studio Version 17
VisualStudioVersion = 17.3.32901.215
MinimumVisualStudioVersion = 10.0.40219.1
Project("{9A19103F-16F7-4668-BE54-9A1E7A4F7556}") = "Financiera", "Financiera\Financiera.csproj", "{1F5D9044-5906-4BFA-9FF3-6E899E170315}"
EndProject
Project("{FAE04EC0-301F-11D3-BF4B-00C04F79EFBC}") = "FinancieraTests", "FinancieraTests\FinancieraTests.csproj", "{07F0B392-86C0-4BA5-98A3-5F2202F0B601}"
EndProject
Global
	GlobalSection(SolutionConfigurationPlatforms) = preSolution
		Debug|Any CPU = Debug|Any CPU
		Release|Any CPU = Release|Any CPU
	EndGlobalSection
	GlobalSection(ProjectConfigurationPlatforms) = postSolution
		{1F5D9044-5906-4BFA-9FF3-6E899E170315}.Debug|Any CPU.ActiveCfg = Debug|Any CPU
		{1F5D9044-5906-4BFA-9FF3-6E899E170315}.Debug|Any CPU.Build.0 = Debug|Any CPU
		{1F5D9044-5906-4BFA-9FF3-6E899E170315}.Release|Any CPU.ActiveCfg = Release|Any CPU
		{1F5D9044-5906-4BFA-9FF3-6E899E170315}.Release|Any CPU.Build.0 = Release|Any CPU
		{07F0B392-86C0-4BA5-98A3-5F2202F0B601}.Debug|Any CPU.ActiveCfg = Debug|Any CPU
		{07F0B392-86C0-4BA5-98A3-5F2202F0B601}.Debug|Any CPU.Build.0 = Debug|Any CPU
		{07F0B392-86C0-4BA5-98A3-5F2202F0B601}.Release|Any CPU.ActiveCfg = Release|Any CPU
		{07F0B392-86C0-4BA5-98A3-5F2202F0B601}.Release|Any CPU.Build.0 = Release|Any CPU
	EndGlobalSection
	GlobalSection(SolutionProperties) = preSolution
		HideSolutionNode = FALSE
	EndGlobalSection
	GlobalSection(ExtensibilityGlobals) = postSolution
		SolutionGuid = {BE267C9C-0730-4153-B9B7-7DE208767ADF}
	EndGlobalSection
EndGlobal
